
Microsoft Visual Studio Solution File, Format Version 12.00
# Visual Studio Version 17
VisualStudioVersion = 17.10.35013.160
MinimumVisualStudioVersion = 10.0.40219.1
Project("{FAE04EC0-301F-11D3-BF4B-00C04F79EFBC}") = "Testing-DotNet", "Testing-DotNet.csproj", "{0282EA79-07A3-414C-AA30-32F9449CD03D}"
EndProject
Global
	GlobalSection(SolutionConfigurationPlatforms) = preSolution
		Debug|Any CPU = Debug|Any CPU
		Release|Any CPU = Release|Any CPU
	EndGlobalSection
	GlobalSection(ProjectConfigurationPlatforms) = postSolution
		{0282EA79-07A3-414C-AA30-32F9449CD03D}.Debug|Any CPU.ActiveCfg = Debug|Any CPU
		{0282EA79-07A3-414C-AA30-32F9449CD03D}.Debug|Any CPU.Build.0 = Debug|Any CPU
		{0282EA79-07A3-414C-AA30-32F9449CD03D}.Release|Any CPU.ActiveCfg = Release|Any CPU
		{0282EA79-07A3-414C-AA30-32F9449CD03D}.Release|Any CPU.Build.0 = Release|Any CPU
	EndGlobalSection
	GlobalSection(SolutionProperties) = preSolution
		HideSolutionNode = FALSE
	EndGlobalSection
	GlobalSection(ExtensibilityGlobals) = postSolution
		SolutionGuid = {73E61FC4-8983-4F16-84AC-1F31E8E55FC9}
	EndGlobalSection
EndGlobal
