
Microsoft Visual Studio Solution File, Format Version 12.00
# Visual Studio Version 17
VisualStudioVersion = 17.10.35004.147
MinimumVisualStudioVersion = 10.0.40219.1
Project("{FAE04EC0-301F-11D3-BF4B-00C04F79EFBC}") = "WebApplication2", "WebApplication2.csproj", "{D70AD179-6A04-4360-B183-132E006B3CFB}"
EndProject
Global
	GlobalSection(SolutionConfigurationPlatforms) = preSolution
		Debug|Any CPU = Debug|Any CPU
		Release|Any CPU = Release|Any CPU
	EndGlobalSection
	GlobalSection(ProjectConfigurationPlatforms) = postSolution
		{D70AD179-6A04-4360-B183-132E006B3CFB}.Debug|Any CPU.ActiveCfg = Debug|Any CPU
		{D70AD179-6A04-4360-B183-132E006B3CFB}.Debug|Any CPU.Build.0 = Debug|Any CPU
		{D70AD179-6A04-4360-B183-132E006B3CFB}.Release|Any CPU.ActiveCfg = Release|Any CPU
		{D70AD179-6A04-4360-B183-132E006B3CFB}.Release|Any CPU.Build.0 = Release|Any CPU
	EndGlobalSection
	GlobalSection(SolutionProperties) = preSolution
		HideSolutionNode = FALSE
	EndGlobalSection
	GlobalSection(ExtensibilityGlobals) = postSolution
		SolutionGuid = {2FC774E2-091B-4F10-A0C8-33C3F81BD956}
	EndGlobalSection
EndGlobal
